
Microsoft Visual Studio Solution File, Format Version 12.00
# Visual Studio 15
VisualStudioVersion = 15.0.27004.2006
MinimumVisualStudioVersion = 10.0.40219.1
Project("{888888A0-9F3D-457C-B088-3A5042F75D52}") = "Advent 1_1", "Advent 1_1\Advent 1_1.pyproj", "{365A8F5D-6F80-4DAB-B035-F1F60DDC7C1B}"
EndProject
Global
	GlobalSection(SolutionConfigurationPlatforms) = preSolution
		Debug|Any CPU = Debug|Any CPU
		Release|Any CPU = Release|Any CPU
	EndGlobalSection
	GlobalSection(ProjectConfigurationPlatforms) = postSolution
		{365A8F5D-6F80-4DAB-B035-F1F60DDC7C1B}.Debug|Any CPU.ActiveCfg = Debug|Any CPU
		{365A8F5D-6F80-4DAB-B035-F1F60DDC7C1B}.Release|Any CPU.ActiveCfg = Release|Any CPU
	EndGlobalSection
	GlobalSection(SolutionProperties) = preSolution
		HideSolutionNode = FALSE
	EndGlobalSection
	GlobalSection(ExtensibilityGlobals) = postSolution
		SolutionGuid = {15B89EB1-5E59-4B15-AED8-6BDD4FBB179E}
	EndGlobalSection
EndGlobal
